
Microsoft Visual Studio Solution File, Format Version 12.00
# Visual Studio Version 17
VisualStudioVersion = 17.7.34031.279
MinimumVisualStudioVersion = 10.0.40219.1
Project("{FAE04EC0-301F-11D3-BF4B-00C04F79EFBC}") = "Exception", "Exception.csproj", "{1EA369C7-6FF6-47C1-9F9A-1C10DA33F464}"
EndProject
Global
	GlobalSection(SolutionConfigurationPlatforms) = preSolution
		Debug|Any CPU = Debug|Any CPU
		Release|Any CPU = Release|Any CPU
	EndGlobalSection
	GlobalSection(ProjectConfigurationPlatforms) = postSolution
		{1EA369C7-6FF6-47C1-9F9A-1C10DA33F464}.Debug|Any CPU.ActiveCfg = Debug|Any CPU
		{1EA369C7-6FF6-47C1-9F9A-1C10DA33F464}.Debug|Any CPU.Build.0 = Debug|Any CPU
		{1EA369C7-6FF6-47C1-9F9A-1C10DA33F464}.Release|Any CPU.ActiveCfg = Release|Any CPU
		{1EA369C7-6FF6-47C1-9F9A-1C10DA33F464}.Release|Any CPU.Build.0 = Release|Any CPU
	EndGlobalSection
	GlobalSection(SolutionProperties) = preSolution
		HideSolutionNode = FALSE
	EndGlobalSection
	GlobalSection(ExtensibilityGlobals) = postSolution
		SolutionGuid = {8F54F47E-EF25-4CC2-B4D7-F392500B6FCF}
	EndGlobalSection
EndGlobal
